// !$*UTF8*$!
{
	archiveVersion = 1;
	classes = {
	};
	objectVersion = 77;
	objects = {

/* Begin PBXContainerItemProxy section */
		91C4E07A2D96098B003C27A1 /* PBXContainerItemProxy */ = {
			isa = PBXContainerItemProxy;
			containerPortal = 91C4E0612D960989003C27A1 /* Project object */;
			proxyType = 1;
			remoteGlobalIDString = 91C4E0682D960989003C27A1;
			remoteInfo = "BubblePop Game";
		};
		91C4E0842D96098B003C27A1 /* PBXContainerItemProxy */ = {
			isa = PBXContainerItemProxy;
			containerPortal = 91C4E0612D960989003C27A1 /* Project object */;
			proxyType = 1;
			remoteGlobalIDString = 91C4E0682D960989003C27A1;
			remoteInfo = "BubblePop Game";
		};
/* End PBXContainerItemProxy section */

/* Begin PBXFileReference section */
		91C4E0692D960989003C27A1 /* BubblePop Game.app */ = {isa = PBXFileReference; explicitFileType = wrapper.application; includeInIndex = 0; path = "BubblePop Game.app"; sourceTree = BUILT_PRODUCTS_DIR; };
		91C4E0792D96098B003C27A1 /* BubblePop GameTests.xctest */ = {isa = PBXFileReference; explicitFileType = wrapper.cfbundle; includeInIndex = 0; path = "BubblePop GameTests.xctest"; sourceTree = BUILT_PRODUCTS_DIR; };
		91C4E0832D96098B003C27A1 /* BubblePop GameUITests.xctest */ = {isa = PBXFileReference; explicitFileType = wrapper.cfbundle; includeInIndex = 0; path = "BubblePop GameUITests.xctest"; sourceTree = BUILT_PRODUCTS_DIR; };
/* End PBXFileReference section */

/* Begin PBXFileSystemSynchronizedBuildFileExceptionSet section */
		91043BBC2D9F3B48009D55FC /* Exceptions for "BubblePop Game" folder in "BubblePop Game" target */ = {
			isa = PBXFileSystemSynchronizedBuildFileExceptionSet;
			membershipExceptions = (
				Info.plist,
			);
			target = 91C4E0682D960989003C27A1 /* BubblePop Game */;
		};
/* End PBXFileSystemSynchronizedBuildFileExceptionSet section */

/* Begin PBXFileSystemSynchronizedRootGroup section */
		91C4E06B2D960989003C27A1 /* BubblePop Game */ = {
			isa = PBXFileSystemSynchronizedRootGroup;
			exceptions = (
				91043BBC2D9F3B48009D55FC /* Exceptions for "BubblePop Game" folder in "BubblePop Game" target */,
			);
			path = "BubblePop Game";
			sourceTree = "<group>";
		};
		91C4E07C2D96098B003C27A1 /* BubblePop GameTests */ = {
			isa = PBXFileSystemSynchronizedRootGroup;
			path = "BubblePop GameTests";
			sourceTree = "<group>";
		};
		91C4E0862D96098B003C27A1 /* BubblePop GameUITests */ = {
			isa = PBXFileSystemSynchronizedRootGroup;
			path = "BubblePop GameUITests";
			sourceTree = "<group>";
		};
/* End PBXFileSystemSynchronizedRootGroup section */

/* Begin PBXFrameworksBuildPhase section */
		91C4E0662D960989003C27A1 /* Frameworks */ = {
			isa = PBXFrameworksBuildPhase;
			buildActionMask = 2147483647;
			files = (
			);
			runOnlyForDeploymentPostprocessing = 0;
		};
		91C4E0762D96098B003C27A1 /* Frameworks */ = {
			isa = PBXFrameworksBuildPhase;
			buildActionMask = 2147483647;
			files = (
			);
			runOnlyForDeploymentPostprocessing = 0;
		};
		91C4E0802D96098B003C27A1 /* Frameworks */ = {
			isa = PBXFrameworksBuildPhase;
			buildActionMask = 2147483647;
			files = (
			);
			runOnlyForDeploymentPostprocessing = 0;
		};
/* End PBXFrameworksBuildPhase section */

/* Begin PBXGroup section */
		91C4E0602D960989003C27A1 = {
			isa = PBXGroup;
			children = (
				91C4E06B2D960989003C27A1 /* BubblePop Game */,
				91C4E07C2D96098B003C27A1 /* BubblePop GameTests */,
				91C4E0862D96098B003C27A1 /* BubblePop GameUITests */,
				91C4E06A2D960989003C27A1 /* Products */,
			);
			sourceTree = "<group>";
		};
		91C4E06A2D960989003C27A1 /* Products */ = {
			isa = PBXGroup;
			children = (
				91C4E0692D960989003C27A1 /* BubblePop Game.app */,
				91C4E0792D96098B003C27A1 /* BubblePop GameTests.xctest */,
				91C4E0832D96098B003C27A1 /* BubblePop GameUITests.xctest */,
			);
			name = Products;
			sourceTree = "<group>";
		};
/* End PBXGroup section */

/* Begin PBXNativeTarget section */
		91C4E0682D960989003C27A1 /* BubblePop Game */ = {
			isa = PBXNativeTarget;
			buildConfigurationList = 91C4E08D2D96098B003C27A1 /* Build configuration list for PBXNativeTarget "BubblePop Game" */;
			buildPhases = (
				91C4E0652D960989003C27A1 /* Sources */,
				91C4E0662D960989003C27A1 /* Frameworks */,
				91C4E0672D960989003C27A1 /* Resources */,
			);
			buildRules = (
			);
			dependencies = (
			);
			fileSystemSynchronizedGroups = (
				91C4E06B2D960989003C27A1 /* BubblePop Game */,
			);
			name = "BubblePop Game";
			packageProductDependencies = (
			);
			productName = "BubblePop Game";
			productReference = 91C4E0692D960989003C27A1 /* BubblePop Game.app */;
			productType = "com.apple.product-type.application";
		};
		91C4E0782D96098B003C27A1 /* BubblePop GameTests */ = {
			isa = PBXNativeTarget;
			buildConfigurationList = 91C4E0902D96098B003C27A1 /* Build configuration list for PBXNativeTarget "BubblePop GameTests" */;
			buildPhases = (
				91C4E0752D96098B003C27A1 /* Sources */,
				91C4E0762D96098B003C27A1 /* Frameworks */,
				91C4E0772D96098B003C27A1 /* Resources */,
			);
			buildRules = (
			);
			dependencies = (
				91C4E07B2D96098B003C27A1 /* PBXTargetDependency */,
			);
			fileSystemSynchronizedGroups = (
				91C4E07C2D96098B003C27A1 /* BubblePop GameTests */,
			);
			name = "BubblePop GameTests";
			packageProductDependencies = (
			);
			productName = "BubblePop GameTests";
			productReference = 91C4E0792D96098B003C27A1 /* BubblePop GameTests.xctest */;
			productType = "com.apple.product-type.bundle.unit-test";
		};
		91C4E0822D96098B003C27A1 /* BubblePop GameUITests */ = {
			isa = PBXNativeTarget;
			buildConfigurationList = 91C4E0932D96098B003C27A1 /* Build configuration list for PBXNativeTarget "BubblePop GameUITests" */;
			buildPhases = (
				91C4E07F2D96098B003C27A1 /* Sources */,
				91C4E0802D96098B003C27A1 /* Frameworks */,
				91C4E0812D96098B003C27A1 /* Resources */,
			);
			buildRules = (
			);
			dependencies = (
				91C4E0852D96098B003C27A1 /* PBXTargetDependency */,
			);
			fileSystemSynchronizedGroups = (
				91C4E0862D96098B003C27A1 /* BubblePop GameUITests */,
			);
			name = "BubblePop GameUITests";
			packageProductDependencies = (
			);
			productName = "BubblePop GameUITests";
			productReference = 91C4E0832D96098B003C27A1 /* BubblePop GameUITests.xctest */;
			productType = "com.apple.product-type.bundle.ui-testing";
		};
/* End PBXNativeTarget section */

/* Begin PBXProject section */
		91C4E0612D960989003C27A1 /* Project object */ = {
			isa = PBXProject;
			attributes = {
				BuildIndependentTargetsInParallel = 1;
				LastSwiftUpdateCheck = 1620;
				LastUpgradeCheck = 1620;
				TargetAttributes = {
					91C4E0682D960989003C27A1 = {
						CreatedOnToolsVersion = 16.2;
					};
					91C4E0782D96098B003C27A1 = {
						CreatedOnToolsVersion = 16.2;
						TestTargetID = 91C4E0682D960989003C27A1;
					};
					91C4E0822D96098B003C27A1 = {
						CreatedOnToolsVersion = 16.2;
						TestTargetID = 91C4E0682D960989003C27A1;
					};
				};
			};
			buildConfigurationList = 91C4E0642D960989003C27A1 /* Build configuration list for PBXProject "BubblePop Game" */;
			developmentRegion = en;
			hasScannedForEncodings = 0;
			knownRegions = (
				en,
				Base,
			);
			mainGroup = 91C4E0602D960989003C27A1;
			minimizedProjectReferenceProxies = 1;
			preferredProjectObjectVersion = 77;
			productRefGroup = 91C4E06A2D960989003C27A1 /* Products */;
			projectDirPath = "";
			projectRoot = "";
			targets = (
				91C4E0682D960989003C27A1 /* BubblePop Game */,
				91C4E0782D96098B003C27A1 /* BubblePop GameTests */,
				91C4E0822D96098B003C27A1 /* BubblePop GameUITests */,
			);
		};
/* End PBXProject section */

/* Begin PBXResourcesBuildPhase section */
		91C4E0672D960989003C27A1 /* Resources */ = {
			isa = PBXResourcesBuildPhase;
			buildActionMask = 2147483647;
			files = (
			);
			runOnlyForDeploymentPostprocessing = 0;
		};
		91C4E0772D96098B003C27A1 /* Resources */ = {
			isa = PBXResourcesBuildPhase;
			buildActionMask = 2147483647;
			files = (
			);
			runOnlyForDeploymentPostprocessing = 0;
		};
		91C4E0812D96098B003C27A1 /* Resources */ = {
			isa = PBXResourcesBuildPhase;
			buildActionMask = 2147483647;
			files = (
			);
			runOnlyForDeploymentPostprocessing = 0;
		};
/* End PBXResourcesBuildPhase section */

/* Begin PBXSourcesBuildPhase section */
		91C4E0652D960989003C27A1 /* Sources */ = {
			isa = PBXSourcesBuildPhase;
			buildActionMask = 2147483647;
			files = (
			);
			runOnlyForDeploymentPostprocessing = 0;
		};
		91C4E0752D96098B003C27A1 /* Sources */ = {
			isa = PBXSourcesBuildPhase;
			buildActionMask = 2147483647;
			files = (
			);
			runOnlyForDeploymentPostprocessing = 0;
		};
		91C4E07F2D96098B003C27A1 /* Sources */ = {
			isa = PBXSourcesBuildPhase;
			buildActionMask = 2147483647;
			files = (
			);
			runOnlyForDeploymentPostprocessing = 0;
		};
/* End PBXSourcesBuildPhase section */

/* Begin PBXTargetDependency section */
		91C4E07B2D96098B003C27A1 /* PBXTargetDependency */ = {
			isa = PBXTargetDependency;
			target = 91C4E0682D960989003C27A1 /* BubblePop Game */;
			targetProxy = 91C4E07A2D96098B003C27A1 /* PBXContainerItemProxy */;
		};
		91C4E0852D96098B003C27A1 /* PBXTargetDependency */ = {
			isa = PBXTargetDependency;
			target = 91C4E0682D960989003C27A1 /* BubblePop Game */;
			targetProxy = 91C4E0842D96098B003C27A1 /* PBXContainerItemProxy */;
		};
/* End PBXTargetDependency section */

/* Begin XCBuildConfiguration section */
		91C4E08B2D96098B003C27A1 /* Debug */ = {
			isa = XCBuildConfiguration;
			buildSettings = {
				ALWAYS_SEARCH_USER_PATHS = NO;
				ASSETCATALOG_COMPILER_GENERATE_SWIFT_ASSET_SYMBOL_EXTENSIONS = YES;
				CLANG_ANALYZER_NONNULL = YES;
				CLANG_ANALYZER_NUMBER_OBJECT_CONVERSION = YES_AGGRESSIVE;
				CLANG_CXX_LANGUAGE_STANDARD = "gnu++20";
				CLANG_ENABLE_MODULES = YES;
				CLANG_ENABLE_OBJC_ARC = YES;
				CLANG_ENABLE_OBJC_WEAK = YES;
				CLANG_WARN_BLOCK_CAPTURE_AUTORELEASING = YES;
				CLANG_WARN_BOOL_CONVERSION = YES;
				CLANG_WARN_COMMA = YES;
				CLANG_WARN_CONSTANT_CONVERSION = YES;
				CLANG_WARN_DEPRECATED_OBJC_IMPLEMENTATIONS = YES;
				CLANG_WARN_DIRECT_OBJC_ISA_USAGE = YES_ERROR;
				CLANG_WARN_DOCUMENTATION_COMMENTS = YES;
				CLANG_WARN_EMPTY_BODY = YES;
				CLANG_WARN_ENUM_CONVERSION = YES;
				CLANG_WARN_INFINITE_RECURSION = YES;
				CLANG_WARN_INT_CONVERSION = YES;
				CLANG_WARN_NON_LITERAL_NULL_CONVERSION = YES;
				CLANG_WARN_OBJC_IMPLICIT_RETAIN_SELF = YES;
				CLANG_WARN_OBJC_LITERAL_CONVERSION = YES;
				CLANG_WARN_OBJC_ROOT_CLASS = YES_ERROR;
				CLANG_WARN_QUOTED_INCLUDE_IN_FRAMEWORK_HEADER = YES;
				CLANG_WARN_RANGE_LOOP_ANALYSIS = YES;
				CLANG_WARN_STRICT_PROTOTYPES = YES;
				CLANG_WARN_SUSPICIOUS_MOVE = YES;
				CLANG_WARN_UNGUARDED_AVAILABILITY = YES_AGGRESSIVE;
				CLANG_WARN_UNREACHABLE_CODE = YES;
				CLANG_WARN__DUPLICATE_METHOD_MATCH = YES;
				COPY_PHASE_STRIP = NO;
				DEBUG_INFORMATION_FORMAT = dwarf;
				ENABLE_STRICT_OBJC_MSGSEND = YES;
				ENABLE_TESTABILITY = YES;
				ENABLE_USER_SCRIPT_SANDBOXING = YES;
				GCC_C_LANGUAGE_STANDARD = gnu17;
				GCC_DYNAMIC_NO_PIC = NO;
				GCC_NO_COMMON_BLOCKS = YES;
				GCC_OPTIMIZATION_LEVEL = 0;
				GCC_PREPROCESSOR_DEFINITIONS = (
					"DEBUG=1",
					"$(inherited)",
				);
				GCC_WARN_64_TO_32_BIT_CONVERSION = YES;
				GCC_WARN_ABOUT_RETURN_TYPE = YES_ERROR;
				GCC_WARN_UNDECLARED_SELECTOR = YES;
				GCC_WARN_UNINITIALIZED_AUTOS = YES_AGGRESSIVE;
				GCC_WARN_UNUSED_FUNCTION = YES;
				GCC_WARN_UNUSED_VARIABLE = YES;
				IPHONEOS_DEPLOYMENT_TARGET = 18.2;
				LOCALIZATION_PREFERS_STRING_CATALOGS = YES;
				MTL_ENABLE_DEBUG_INFO = INCLUDE_SOURCE;
				MTL_FAST_MATH = YES;
				ONLY_ACTIVE_ARCH = YES;
				SDKROOT = iphoneos;
				SWIFT_ACTIVE_COMPILATION_CONDITIONS = "DEBUG $(inherited)";
				SWIFT_OPTIMIZATION_LEVEL = "-Onone";
			};
			name = Debug;
		};
		91C4E08C2D96098B003C27A1 /* Release */ = {
			isa = XCBuildConfiguration;
			buildSettings = {
				ALWAYS_SEARCH_USER_PATHS = NO;
				ASSETCATALOG_COMPILER_GENERATE_SWIFT_ASSET_SYMBOL_EXTENSIONS = YES;
				CLANG_ANALYZER_NONNULL = YES;
				CLANG_ANALYZER_NUMBER_OBJECT_CONVERSION = YES_AGGRESSIVE;
				CLANG_CXX_LANGUAGE_STANDARD = "gnu++20";
				CLANG_ENABLE_MODULES = YES;
				CLANG_ENABLE_OBJC_ARC = YES;
				CLANG_ENABLE_OBJC_WEAK = YES;
				CLANG_WARN_BLOCK_CAPTURE_AUTORELEASING = YES;
				CLANG_WARN_BOOL_CONVERSION = YES;
				CLANG_WARN_COMMA = YES;
				CLANG_WARN_CONSTANT_CONVERSION = YES;
				CLANG_WARN_DEPRECATED_OBJC_IMPLEMENTATIONS = YES;
				CLANG_WARN_DIRECT_OBJC_ISA_USAGE = YES_ERROR;
				CLANG_WARN_DOCUMENTATION_COMMENTS = YES;
				CLANG_WARN_EMPTY_BODY = YES;
				CLANG_WARN_ENUM_CONVERSION = YES;
				CLANG_WARN_INFINITE_RECURSION = YES;
				CLANG_WARN_INT_CONVERSION = YES;
				CLANG_WARN_NON_LITERAL_NULL_CONVERSION = YES;
				CLANG_WARN_OBJC_IMPLICIT_RETAIN_SELF = YES;
				CLANG_WARN_OBJC_LITERAL_CONVERSION = YES;
				CLANG_WARN_OBJC_ROOT_CLASS = YES_ERROR;
				CLANG_WARN_QUOTED_INCLUDE_IN_FRAMEWORK_HEADER = YES;
				CLANG_WARN_RANGE_LOOP_ANALYSIS = YES;
				CLANG_WARN_STRICT_PROTOTYPES = YES;
				CLANG_WARN_SUSPICIOUS_MOVE = YES;
				CLANG_WARN_UNGUARDED_AVAILABILITY = YES_AGGRESSIVE;
				CLANG_WARN_UNREACHABLE_CODE = YES;
				CLANG_WARN__DUPLICATE_METHOD_MATCH = YES;
				COPY_PHASE_STRIP = NO;
				DEBUG_INFORMATION_FORMAT = "dwarf-with-dsym";
				ENABLE_NS_ASSERTIONS = NO;
				ENABLE_STRICT_OBJC_MSGSEND = YES;
				ENABLE_USER_SCRIPT_SANDBOXING = YES;
				GCC_C_LANGUAGE_STANDARD = gnu17;
				GCC_NO_COMMON_BLOCKS = YES;
				GCC_WARN_64_TO_32_BIT_CONVERSION = YES;
				GCC_WARN_ABOUT_RETURN_TYPE = YES_ERROR;
				GCC_WARN_UNDECLARED_SELECTOR = YES;
				GCC_WARN_UNINITIALIZED_AUTOS = YES_AGGRESSIVE;
				GCC_WARN_UNUSED_FUNCTION = YES;
				GCC_WARN_UNUSED_VARIABLE = YES;
				IPHONEOS_DEPLOYMENT_TARGET = 18.2;
				LOCALIZATION_PREFERS_STRING_CATALOGS = YES;
				MTL_ENABLE_DEBUG_INFO = NO;
				MTL_FAST_MATH = YES;
				SDKROOT = iphoneos;
				SWIFT_COMPILATION_MODE = wholemodule;
				VALIDATE_PRODUCT = YES;
			};
			name = Release;
		};
		91C4E08E2D96098B003C27A1 /* Debug */ = {
			isa = XCBuildConfiguration;
			buildSettings = {
				ASSETCATALOG_COMPILER_APPICON_NAME = AppIcon;
				ASSETCATALOG_COMPILER_GLOBAL_ACCENT_COLOR_NAME = AccentColor;
				ASSETCATALOG_COMPILER_INCLUDE_ALL_APPICON_ASSETS = YES;
				CODE_SIGN_ENTITLEMENTS = "BubblePop Game/BubblePop Game.entitlements";
				CODE_SIGN_STYLE = Automatic;
				CURRENT_PROJECT_VERSION = 1;
				DEVELOPMENT_ASSET_PATHS = "\"BubblePop Game/Preview Content\"";
				DEVELOPMENT_TEAM = VG3VPTDUH4;
				ENABLE_PREVIEWS = YES;
				GENERATE_INFOPLIST_FILE = YES;
				INFOPLIST_FILE = "BubblePop-Game-Info.plist";
				INFOPLIST_KEY_UIApplicationSceneManifest_Generation = YES;
				INFOPLIST_KEY_UIApplicationSupportsIndirectInputEvents = YES;
				INFOPLIST_KEY_UILaunchStoryboardName = LaunchImage;
				INFOPLIST_KEY_UISupportedInterfaceOrientations_iPad = "UIInterfaceOrientationPortrait UIInterfaceOrientationPortraitUpsideDown UIInterfaceOrientationLandscapeLeft UIInterfaceOrientationLandscapeRight";
				INFOPLIST_KEY_UISupportedInterfaceOrientations_iPhone = "UIInterfaceOrientationPortrait UIInterfaceOrientationLandscapeLeft UIInterfaceOrientationLandscapeRight";
				LD_RUNPATH_SEARCH_PATHS = (
					"$(inherited)",
					"@executable_path/Frameworks",
				);
				MARKETING_VERSION = 1.0;
				PRODUCT_BUNDLE_IDENTIFIER = "me.masonforeman.BubblePop-Game";
				PRODUCT_NAME = "$(TARGET_NAME)";
				SWIFT_EMIT_LOC_STRINGS = YES;
				SWIFT_VERSION = 5.0;
				TARGETED_DEVICE_FAMILY = "1,2";
			};
			name = Debug;
		};
		91C4E08F2D96098B003C27A1 /* Release */ = {
			isa = XCBuildConfiguration;
			buildSettings = {
				ASSETCATALOG_COMPILER_APPICON_NAME = AppIcon;
				ASSETCATALOG_COMPILER_GLOBAL_ACCENT_COLOR_NAME = AccentColor;
				ASSETCATALOG_COMPILER_INCLUDE_ALL_APPICON_ASSETS = YES;
				CODE_SIGN_ENTITLEMENTS = "BubblePop Game/BubblePop Game.entitlements";
				CODE_SIGN_STYLE = Automatic;
				CURRENT_PROJECT_VERSION = 1;
				DEVELOPMENT_ASSET_PATHS = "\"BubblePop Game/Preview Content\"";
				DEVELOPMENT_TEAM = VG3VPTDUH4;
				ENABLE_PREVIEWS = YES;
				GENERATE_INFOPLIST_FILE = YES;
				INFOPLIST_FILE = "BubblePop-Game-Info.plist";
				INFOPLIST_KEY_UIApplicationSceneManifest_Generation = YES;
				INFOPLIST_KEY_UIApplicationSupportsIndirectInputEvents = YES;
				INFOPLIST_KEY_UILaunchStoryboardName = LaunchImage;
				INFOPLIST_KEY_UISupportedInterfaceOrientations_iPad = "UIInterfaceOrientationPortrait UIInterfaceOrientationPortraitUpsideDown UIInterfaceOrientationLandscapeLeft UIInterfaceOrientationLandscapeRight";
				INFOPLIST_KEY_UISupportedInterfaceOrientations_iPhone = "UIInterfaceOrientationPortrait UIInterfaceOrientationLandscapeLeft UIInterfaceOrientationLandscapeRight";
				LD_RUNPATH_SEARCH_PATHS = (
					"$(inherited)",
					"@executable_path/Frameworks",
				);
				MARKETING_VERSION = 1.0;
				PRODUCT_BUNDLE_IDENTIFIER = "me.masonforeman.BubblePop-Game";
				PRODUCT_NAME = "$(TARGET_NAME)";
				SWIFT_EMIT_LOC_STRINGS = YES;
				SWIFT_VERSION = 5.0;
				TARGETED_DEVICE_FAMILY = "1,2";
			};
			name = Release;
		};
		91C4E0912D96098B003C27A1 /* Debug */ = {
			isa = XCBuildConfiguration;
			buildSettings = {
				BUNDLE_LOADER = "$(TEST_HOST)";
				CODE_SIGN_STYLE = Automatic;
				CURRENT_PROJECT_VERSION = 1;
				DEVELOPMENT_TEAM = VG3VPTDUH4;
				GENERATE_INFOPLIST_FILE = YES;
				IPHONEOS_DEPLOYMENT_TARGET = 18.2;
				MARKETING_VERSION = 1.0;
				PRODUCT_BUNDLE_IDENTIFIER = "me.masonforeman.BubblePop-GameTests";
				PRODUCT_NAME = "$(TARGET_NAME)";
				SWIFT_EMIT_LOC_STRINGS = NO;
				SWIFT_VERSION = 5.0;
				TARGETED_DEVICE_FAMILY = "1,2";
				TEST_HOST = "$(BUILT_PRODUCTS_DIR)/BubblePop Game.app/$(BUNDLE_EXECUTABLE_FOLDER_PATH)/BubblePop Game";
			};
			name = Debug;
		};
		91C4E0922D96098B003C27A1 /* Release */ = {
			isa = XCBuildConfiguration;
			buildSettings = {
				BUNDLE_LOADER = "$(TEST_HOST)";
				CODE_SIGN_STYLE = Automatic;
				CURRENT_PROJECT_VERSION = 1;
				DEVELOPMENT_TEAM = VG3VPTDUH4;
				GENERATE_INFOPLIST_FILE = YES;
				IPHONEOS_DEPLOYMENT_TARGET = 18.2;
				MARKETING_VERSION = 1.0;
				PRODUCT_BUNDLE_IDENTIFIER = "me.masonforeman.BubblePop-GameTests";
				PRODUCT_NAME = "$(TARGET_NAME)";
				SWIFT_EMIT_LOC_STRINGS = NO;
				SWIFT_VERSION = 5.0;
				TARGETED_DEVICE_FAMILY = "1,2";
				TEST_HOST = "$(BUILT_PRODUCTS_DIR)/BubblePop Game.app/$(BUNDLE_EXECUTABLE_FOLDER_PATH)/BubblePop Game";
			};
			name = Release;
		};
		91C4E0942D96098B003C27A1 /* Debug */ = {
			isa = XCBuildConfiguration;
			buildSettings = {
				CODE_SIGN_STYLE = Automatic;
				CURRENT_PROJECT_VERSION = 1;
				DEVELOPMENT_TEAM = VG3VPTDUH4;
				GENERATE_INFOPLIST_FILE = YES;
				MARKETING_VERSION = 1.0;
				PRODUCT_BUNDLE_IDENTIFIER = "me.masonforeman.BubblePop-GameUITests";
				PRODUCT_NAME = "$(TARGET_NAME)";
				SWIFT_EMIT_LOC_STRINGS = NO;
				SWIFT_VERSION = 5.0;
				TARGETED_DEVICE_FAMILY = "1,2";
				TEST_TARGET_NAME = "BubblePop Game";
			};
			name = Debug;
		};
		91C4E0952D96098B003C27A1 /* Release */ = {
			isa = XCBuildConfiguration;
			buildSettings = {
				CODE_SIGN_STYLE = Automatic;
				CURRENT_PROJECT_VERSION = 1;
				DEVELOPMENT_TEAM = VG3VPTDUH4;
				GENERATE_INFOPLIST_FILE = YES;
				MARKETING_VERSION = 1.0;
				PRODUCT_BUNDLE_IDENTIFIER = "me.masonforeman.BubblePop-GameUITests";
				PRODUCT_NAME = "$(TARGET_NAME)";
				SWIFT_EMIT_LOC_STRINGS = NO;
				SWIFT_VERSION = 5.0;
				TARGETED_DEVICE_FAMILY = "1,2";
				TEST_TARGET_NAME = "BubblePop Game";
			};
			name = Release;
		};
/* End XCBuildConfiguration section */

/* Begin XCConfigurationList section */
		91C4E0642D960989003C27A1 /* Build configuration list for PBXProject "BubblePop Game" */ = {
			isa = XCConfigurationList;
			buildConfigurations = (
				91C4E08B2D96098B003C27A1 /* Debug */,
				91C4E08C2D96098B003C27A1 /* Release */,
			);
			defaultConfigurationIsVisible = 0;
			defaultConfigurationName = Release;
		};
		91C4E08D2D96098B003C27A1 /* Build configuration list for PBXNativeTarget "BubblePop Game" */ = {
			isa = XCConfigurationList;
			buildConfigurations = (
				91C4E08E2D96098B003C27A1 /* Debug */,
				91C4E08F2D96098B003C27A1 /* Release */,
			);
			defaultConfigurationIsVisible = 0;
			defaultConfigurationName = Release;
		};
		91C4E0902D96098B003C27A1 /* Build configuration list for PBXNativeTarget "BubblePop GameTests" */ = {
			isa = XCConfigurationList;
			buildConfigurations = (
				91C4E0912D96098B003C27A1 /* Debug */,
				91C4E0922D96098B003C27A1 /* Release */,
			);
			defaultConfigurationIsVisible = 0;
			defaultConfigurationName = Release;
		};
		91C4E0932D96098B003C27A1 /* Build configuration list for PBXNativeTarget "BubblePop GameUITests" */ = {
			isa = XCConfigurationList;
			buildConfigurations = (
				91C4E0942D96098B003C27A1 /* Debug */,
				91C4E0952D96098B003C27A1 /* Release */,
			);
			defaultConfigurationIsVisible = 0;
			defaultConfigurationName = Release;
		};
/* End XCConfigurationList section */
	};
	rootObject = 91C4E0612D960989003C27A1 /* Project object */;
}
